
Microsoft Visual Studio Solution File, Format Version 12.00
# Visual Studio Version 17
VisualStudioVersion = 17.9.34728.123
MinimumVisualStudioVersion = 10.0.40219.1
Project("{FAE04EC0-301F-11D3-BF4B-00C04F79EFBC}") = "InvestmentTrackerAPI", "InvestmentTrackerAPI\InvestmentTrackerAPI.csproj", "{1CB10D3F-BE41-4F29-AB15-455111FEDCD2}"
EndProject
Global
	GlobalSection(SolutionConfigurationPlatforms) = preSolution
		Debug|Any CPU = Debug|Any CPU
		Release|Any CPU = Release|Any CPU
	EndGlobalSection
	GlobalSection(ProjectConfigurationPlatforms) = postSolution
		{1CB10D3F-BE41-4F29-AB15-455111FEDCD2}.Debug|Any CPU.ActiveCfg = Debug|Any CPU
		{1CB10D3F-BE41-4F29-AB15-455111FEDCD2}.Debug|Any CPU.Build.0 = Debug|Any CPU
		{1CB10D3F-BE41-4F29-AB15-455111FEDCD2}.Release|Any CPU.ActiveCfg = Release|Any CPU
		{1CB10D3F-BE41-4F29-AB15-455111FEDCD2}.Release|Any CPU.Build.0 = Release|Any CPU
	EndGlobalSection
	GlobalSection(SolutionProperties) = preSolution
		HideSolutionNode = FALSE
	EndGlobalSection
	GlobalSection(ExtensibilityGlobals) = postSolution
		SolutionGuid = {8B3AC089-EDD2-409B-96D3-FC25F8BD8C97}
	EndGlobalSection
EndGlobal
